// !$*UTF8*$!
{
	archiveVersion = 1;
	classes = {
	};
	objectVersion = 51;
	objects = {

/* Begin PBXBuildFile section */
		2A2E2F2FE2C67C6A47C1FD04 /* Pods_PokeDex.framework in Frameworks */ = {isa = PBXBuildFile; fileRef = 00BF1614CFD6A5136011531B /* Pods_PokeDex.framework */; };
		F72100C1236C463500FABBEC /* DetailsVC.swift in Sources */ = {isa = PBXBuildFile; fileRef = F72100C0236C463500FABBEC /* DetailsVC.swift */; };
		F7524B8C2366FD7900421C3B /* DataModel.swift in Sources */ = {isa = PBXBuildFile; fileRef = F7524B8B2366FD7900421C3B /* DataModel.swift */; };
		F758B710235E03B100F16184 /* AppDelegate.swift in Sources */ = {isa = PBXBuildFile; fileRef = F758B70F235E03B100F16184 /* AppDelegate.swift */; };
		F758B712235E03B100F16184 /* SceneDelegate.swift in Sources */ = {isa = PBXBuildFile; fileRef = F758B711235E03B100F16184 /* SceneDelegate.swift */; };
		F758B714235E03B100F16184 /* HomeVC.swift in Sources */ = {isa = PBXBuildFile; fileRef = F758B713235E03B100F16184 /* HomeVC.swift */; };
		F758B717235E03B100F16184 /* Main.storyboard in Resources */ = {isa = PBXBuildFile; fileRef = F758B715235E03B100F16184 /* Main.storyboard */; };
		F758B719235E03B200F16184 /* Assets.xcassets in Resources */ = {isa = PBXBuildFile; fileRef = F758B718235E03B200F16184 /* Assets.xcassets */; };
		F758B71C235E03B200F16184 /* LaunchScreen.storyboard in Resources */ = {isa = PBXBuildFile; fileRef = F758B71A235E03B200F16184 /* LaunchScreen.storyboard */; };
		F760CEFF236750DB00C72681 /* PokemonCollectionViewCell.swift in Sources */ = {isa = PBXBuildFile; fileRef = F760CEFE236750DB00C72681 /* PokemonCollectionViewCell.swift */; };
		F7F39513236C4CA9005BC0D1 /* PokemonDetailModel.swift in Sources */ = {isa = PBXBuildFile; fileRef = F7F39512236C4CA9005BC0D1 /* PokemonDetailModel.swift */; };
/* End PBXBuildFile section */

/* Begin PBXFileReference section */
		00BF1614CFD6A5136011531B /* Pods_PokeDex.framework */ = {isa = PBXFileReference; explicitFileType = wrapper.framework; includeInIndex = 0; path = Pods_PokeDex.framework; sourceTree = BUILT_PRODUCTS_DIR; };
		4353FD42FB343196A32B868A /* Pods-PokeDex.debug.xcconfig */ = {isa = PBXFileReference; includeInIndex = 1; lastKnownFileType = text.xcconfig; name = "Pods-PokeDex.debug.xcconfig"; path = "Target Support Files/Pods-PokeDex/Pods-PokeDex.debug.xcconfig"; sourceTree = "<group>"; };
		D1B1C9677F08C75E9EABB37E /* Pods-PokeDex.release.xcconfig */ = {isa = PBXFileReference; includeInIndex = 1; lastKnownFileType = text.xcconfig; name = "Pods-PokeDex.release.xcconfig"; path = "Target Support Files/Pods-PokeDex/Pods-PokeDex.release.xcconfig"; sourceTree = "<group>"; };
		F72100C0236C463500FABBEC /* DetailsVC.swift */ = {isa = PBXFileReference; lastKnownFileType = sourcecode.swift; path = DetailsVC.swift; sourceTree = "<group>"; };
		F7524B8B2366FD7900421C3B /* DataModel.swift */ = {isa = PBXFileReference; lastKnownFileType = sourcecode.swift; path = DataModel.swift; sourceTree = "<group>"; };
		F758B70C235E03B100F16184 /* PokeDex.app */ = {isa = PBXFileReference; explicitFileType = wrapper.application; includeInIndex = 0; path = PokeDex.app; sourceTree = BUILT_PRODUCTS_DIR; };
		F758B70F235E03B100F16184 /* AppDelegate.swift */ = {isa = PBXFileReference; lastKnownFileType = sourcecode.swift; path = AppDelegate.swift; sourceTree = "<group>"; };
		F758B711235E03B100F16184 /* SceneDelegate.swift */ = {isa = PBXFileReference; lastKnownFileType = sourcecode.swift; path = SceneDelegate.swift; sourceTree = "<group>"; };
		F758B713235E03B100F16184 /* HomeVC.swift */ = {isa = PBXFileReference; lastKnownFileType = sourcecode.swift; path = HomeVC.swift; sourceTree = "<group>"; };
		F758B716235E03B100F16184 /* Base */ = {isa = PBXFileReference; lastKnownFileType = file.storyboard; name = Base; path = Base.lproj/Main.storyboard; sourceTree = "<group>"; };
		F758B718235E03B200F16184 /* Assets.xcassets */ = {isa = PBXFileReference; lastKnownFileType = folder.assetcatalog; path = Assets.xcassets; sourceTree = "<group>"; };
		F758B71B235E03B200F16184 /* Base */ = {isa = PBXFileReference; lastKnownFileType = file.storyboard; name = Base; path = Base.lproj/LaunchScreen.storyboard; sourceTree = "<group>"; };
		F758B71D235E03B200F16184 /* Info.plist */ = {isa = PBXFileReference; lastKnownFileType = text.plist.xml; path = Info.plist; sourceTree = "<group>"; };
		F760CEFE236750DB00C72681 /* PokemonCollectionViewCell.swift */ = {isa = PBXFileReference; lastKnownFileType = sourcecode.swift; path = PokemonCollectionViewCell.swift; sourceTree = "<group>"; };
		F7F39512236C4CA9005BC0D1 /* PokemonDetailModel.swift */ = {isa = PBXFileReference; lastKnownFileType = sourcecode.swift; path = PokemonDetailModel.swift; sourceTree = "<group>"; };
/* End PBXFileReference section */

/* Begin PBXFrameworksBuildPhase section */
		F758B709235E03B100F16184 /* Frameworks */ = {
			isa = PBXFrameworksBuildPhase;
			buildActionMask = 2147483647;
			files = (
				2A2E2F2FE2C67C6A47C1FD04 /* Pods_PokeDex.framework in Frameworks */,
			);
			runOnlyForDeploymentPostprocessing = 0;
		};
/* End PBXFrameworksBuildPhase section */

/* Begin PBXGroup section */
		0063D02EC0A44EE2C85DE2E3 /* Pods */ = {
			isa = PBXGroup;
			children = (
				4353FD42FB343196A32B868A /* Pods-PokeDex.debug.xcconfig */,
				D1B1C9677F08C75E9EABB37E /* Pods-PokeDex.release.xcconfig */,
			);
			path = Pods;
			sourceTree = "<group>";
		};
		D39FE7910B3F6566EDD9419F /* Frameworks */ = {
			isa = PBXGroup;
			children = (
				00BF1614CFD6A5136011531B /* Pods_PokeDex.framework */,
			);
			name = Frameworks;
			sourceTree = "<group>";
		};
		F758B703235E03B100F16184 = {
			isa = PBXGroup;
			children = (
				F758B70E235E03B100F16184 /* PokeDex */,
				F758B70D235E03B100F16184 /* Products */,
				0063D02EC0A44EE2C85DE2E3 /* Pods */,
				D39FE7910B3F6566EDD9419F /* Frameworks */,
			);
			sourceTree = "<group>";
		};
		F758B70D235E03B100F16184 /* Products */ = {
			isa = PBXGroup;
			children = (
				F758B70C235E03B100F16184 /* PokeDex.app */,
			);
			name = Products;
			sourceTree = "<group>";
		};
		F758B70E235E03B100F16184 /* PokeDex */ = {
			isa = PBXGroup;
			children = (
				F758B70F235E03B100F16184 /* AppDelegate.swift */,
				F758B711235E03B100F16184 /* SceneDelegate.swift */,
				F758B713235E03B100F16184 /* HomeVC.swift */,
				F758B715235E03B100F16184 /* Main.storyboard */,
				F72100C0236C463500FABBEC /* DetailsVC.swift */,
				F7F39512236C4CA9005BC0D1 /* PokemonDetailModel.swift */,
				F760CEFE236750DB00C72681 /* PokemonCollectionViewCell.swift */,
				F7524B8B2366FD7900421C3B /* DataModel.swift */,
				F758B718235E03B200F16184 /* Assets.xcassets */,
				F758B71A235E03B200F16184 /* LaunchScreen.storyboard */,
				F758B71D235E03B200F16184 /* Info.plist */,
			);
			path = PokeDex;
			sourceTree = "<group>";
		};
/* End PBXGroup section */

/* Begin PBXNativeTarget section */
		F758B70B235E03B100F16184 /* PokeDex */ = {
			isa = PBXNativeTarget;
			buildConfigurationList = F758B720235E03B200F16184 /* Build configuration list for PBXNativeTarget "PokeDex" */;
			buildPhases = (
				EC09CBFF54222F76B1B80A4A /* [CP] Check Pods Manifest.lock */,
				F758B708235E03B100F16184 /* Sources */,
				F758B709235E03B100F16184 /* Frameworks */,
				F758B70A235E03B100F16184 /* Resources */,
				A0F630FF2909E17DA68E6061 /* [CP] Embed Pods Frameworks */,
			);
			buildRules = (
			);
			dependencies = (
			);
			name = PokeDex;
			productName = PokeDex;
			productReference = F758B70C235E03B100F16184 /* PokeDex.app */;
			productType = "com.apple.product-type.application";
		};
/* End PBXNativeTarget section */

/* Begin PBXProject section */
		F758B704235E03B100F16184 /* Project object */ = {
			isa = PBXProject;
			attributes = {
				LastSwiftUpdateCheck = 1110;
				LastUpgradeCheck = 1110;
				ORGANIZATIONNAME = "Jai Nijhawan";
				TargetAttributes = {
					F758B70B235E03B100F16184 = {
						CreatedOnToolsVersion = 11.1;
					};
				};
			};
			buildConfigurationList = F758B707235E03B100F16184 /* Build configuration list for PBXProject "PokeDex" */;
			compatibilityVersion = "Xcode 9.3";
			developmentRegion = en;
			hasScannedForEncodings = 0;
			knownRegions = (
				en,
				Base,
			);
			mainGroup = F758B703235E03B100F16184;
			productRefGroup = F758B70D235E03B100F16184 /* Products */;
			projectDirPath = "";
			projectRoot = "";
			targets = (
				F758B70B235E03B100F16184 /* PokeDex */,
			);
		};
/* End PBXProject section */

/* Begin PBXResourcesBuildPhase section */
		F758B70A235E03B100F16184 /* Resources */ = {
			isa = PBXResourcesBuildPhase;
			buildActionMask = 2147483647;
			files = (
				F758B71C235E03B200F16184 /* LaunchScreen.storyboard in Resources */,
				F758B719235E03B200F16184 /* Assets.xcassets in Resources */,
				F758B717235E03B100F16184 /* Main.storyboard in Resources */,
			);
			runOnlyForDeploymentPostprocessing = 0;
		};
/* End PBXResourcesBuildPhase section */

/* Begin PBXShellScriptBuildPhase section */
		A0F630FF2909E17DA68E6061 /* [CP] Embed Pods Frameworks */ = {
			isa = PBXShellScriptBuildPhase;
			buildActionMask = 2147483647;
			files = (
			);
			inputFileListPaths = (
				"${PODS_ROOT}/Target Support Files/Pods-PokeDex/Pods-PokeDex-frameworks-${CONFIGURATION}-input-files.xcfilelist",
			);
			name = "[CP] Embed Pods Frameworks";
			outputFileListPaths = (
				"${PODS_ROOT}/Target Support Files/Pods-PokeDex/Pods-PokeDex-frameworks-${CONFIGURATION}-output-files.xcfilelist",
			);
			runOnlyForDeploymentPostprocessing = 0;
			shellPath = /bin/sh;
			shellScript = "\"${PODS_ROOT}/Target Support Files/Pods-PokeDex/Pods-PokeDex-frameworks.sh\"\n";
			showEnvVarsInLog = 0;
		};
		EC09CBFF54222F76B1B80A4A /* [CP] Check Pods Manifest.lock */ = {
			isa = PBXShellScriptBuildPhase;
			buildActionMask = 2147483647;
			files = (
			);
			inputFileListPaths = (
			);
			inputPaths = (
				"${PODS_PODFILE_DIR_PATH}/Podfile.lock",
				"${PODS_ROOT}/Manifest.lock",
			);
			name = "[CP] Check Pods Manifest.lock";
			outputFileListPaths = (
			);
			outputPaths = (
				"$(DERIVED_FILE_DIR)/Pods-PokeDex-checkManifestLockResult.txt",
			);
			runOnlyForDeploymentPostprocessing = 0;
			shellPath = /bin/sh;
			shellScript = "diff \"${PODS_PODFILE_DIR_PATH}/Podfile.lock\" \"${PODS_ROOT}/Manifest.lock\" > /dev/null\nif [ $? != 0 ] ; then\n    # print error to STDERR\n    echo \"error: The sandbox is not in sync with the Podfile.lock. Run 'pod install' or update your CocoaPods installation.\" >&2\n    exit 1\nfi\n# This output is used by Xcode 'outputs' to avoid re-running this script phase.\necho \"SUCCESS\" > \"${SCRIPT_OUTPUT_FILE_0}\"\n";
			showEnvVarsInLog = 0;
		};
/* End PBXShellScriptBuildPhase section */

/* Begin PBXSourcesBuildPhase section */
		F758B708235E03B100F16184 /* Sources */ = {
			isa = PBXSourcesBuildPhase;
			buildActionMask = 2147483647;
			files = (
				F7F39513236C4CA9005BC0D1 /* PokemonDetailModel.swift in Sources */,
				F7524B8C2366FD7900421C3B /* DataModel.swift in Sources */,
				F758B714235E03B100F16184 /* HomeVC.swift in Sources */,
				F758B710235E03B100F16184 /* AppDelegate.swift in Sources */,
				F72100C1236C463500FABBEC /* DetailsVC.swift in Sources */,
				F760CEFF236750DB00C72681 /* PokemonCollectionViewCell.swift in Sources */,
				F758B712235E03B100F16184 /* SceneDelegate.swift in Sources */,
			);
			runOnlyForDeploymentPostprocessing = 0;
		};
/* End PBXSourcesBuildPhase section */

/* Begin PBXVariantGroup section */
		F758B715235E03B100F16184 /* Main.storyboard */ = {
			isa = PBXVariantGroup;
			children = (
				F758B716235E03B100F16184 /* Base */,
			);
			name = Main.storyboard;
			sourceTree = "<group>";
		};
		F758B71A235E03B200F16184 /* LaunchScreen.storyboard */ = {
			isa = PBXVariantGroup;
			children = (
				F758B71B235E03B200F16184 /* Base */,
			);
			name = LaunchScreen.storyboard;
			sourceTree = "<group>";
		};
/* End PBXVariantGroup section */

/* Begin XCBuildConfiguration section */
		F758B71E235E03B200F16184 /* Debug */ = {
			isa = XCBuildConfiguration;
			buildSettings = {
				ALWAYS_SEARCH_USER_PATHS = NO;
				CLANG_ANALYZER_NONNULL = YES;
				CLANG_ANALYZER_NUMBER_OBJECT_CONVERSION = YES_AGGRESSIVE;
				CLANG_CXX_LANGUAGE_STANDARD = "gnu++14";
				CLANG_CXX_LIBRARY = "libc++";
				CLANG_ENABLE_MODULES = YES;
				CLANG_ENABLE_OBJC_ARC = YES;
				CLANG_ENABLE_OBJC_WEAK = YES;
				CLANG_WARN_BLOCK_CAPTURE_AUTORELEASING = YES;
				CLANG_WARN_BOOL_CONVERSION = YES;
				CLANG_WARN_COMMA = YES;
				CLANG_WARN_CONSTANT_CONVERSION = YES;
				CLANG_WARN_DEPRECATED_OBJC_IMPLEMENTATIONS = YES;
				CLANG_WARN_DIRECT_OBJC_ISA_USAGE = YES_ERROR;
				CLANG_WARN_DOCUMENTATION_COMMENTS = YES;
				CLANG_WARN_EMPTY_BODY = YES;
				CLANG_WARN_ENUM_CONVERSION = YES;
				CLANG_WARN_INFINITE_RECURSION = YES;
				CLANG_WARN_INT_CONVERSION = YES;
				CLANG_WARN_NON_LITERAL_NULL_CONVERSION = YES;
				CLANG_WARN_OBJC_IMPLICIT_RETAIN_SELF = YES;
				CLANG_WARN_OBJC_LITERAL_CONVERSION = YES;
				CLANG_WARN_OBJC_ROOT_CLASS = YES_ERROR;
				CLANG_WARN_RANGE_LOOP_ANALYSIS = YES;
				CLANG_WARN_STRICT_PROTOTYPES = YES;
				CLANG_WARN_SUSPICIOUS_MOVE = YES;
				CLANG_WARN_UNGUARDED_AVAILABILITY = YES_AGGRESSIVE;
				CLANG_WARN_UNREACHABLE_CODE = YES;
				CLANG_WARN__DUPLICATE_METHOD_MATCH = YES;
				COPY_PHASE_STRIP = NO;
				DEBUG_INFORMATION_FORMAT = dwarf;
				ENABLE_STRICT_OBJC_MSGSEND = YES;
				ENABLE_TESTABILITY = YES;
				GCC_C_LANGUAGE_STANDARD = gnu11;
				GCC_DYNAMIC_NO_PIC = NO;
				GCC_NO_COMMON_BLOCKS = YES;
				GCC_OPTIMIZATION_LEVEL = 0;
				GCC_PREPROCESSOR_DEFINITIONS = (
					"DEBUG=1",
					"$(inherited)",
				);
				GCC_WARN_64_TO_32_BIT_CONVERSION = YES;
				GCC_WARN_ABOUT_RETURN_TYPE = YES_ERROR;
				GCC_WARN_UNDECLARED_SELECTOR = YES;
				GCC_WARN_UNINITIALIZED_AUTOS = YES_AGGRESSIVE;
				GCC_WARN_UNUSED_FUNCTION = YES;
				GCC_WARN_UNUSED_VARIABLE = YES;
				IPHONEOS_DEPLOYMENT_TARGET = 13.1;
				MTL_ENABLE_DEBUG_INFO = INCLUDE_SOURCE;
				MTL_FAST_MATH = YES;
				ONLY_ACTIVE_ARCH = YES;
				SDKROOT = iphoneos;
				SWIFT_ACTIVE_COMPILATION_CONDITIONS = DEBUG;
				SWIFT_OPTIMIZATION_LEVEL = "-Onone";
			};
			name = Debug;
		};
		F758B71F235E03B200F16184 /* Release */ = {
			isa = XCBuildConfiguration;
			buildSettings = {
				ALWAYS_SEARCH_USER_PATHS = NO;
				CLANG_ANALYZER_NONNULL = YES;
				CLANG_ANALYZER_NUMBER_OBJECT_CONVERSION = YES_AGGRESSIVE;
				CLANG_CXX_LANGUAGE_STANDARD = "gnu++14";
				CLANG_CXX_LIBRARY = "libc++";
				CLANG_ENABLE_MODULES = YES;
				CLANG_ENABLE_OBJC_ARC = YES;
				CLANG_ENABLE_OBJC_WEAK = YES;
				CLANG_WARN_BLOCK_CAPTURE_AUTORELEASING = YES;
				CLANG_WARN_BOOL_CONVERSION = YES;
				CLANG_WARN_COMMA = YES;
				CLANG_WARN_CONSTANT_CONVERSION = YES;
				CLANG_WARN_DEPRECATED_OBJC_IMPLEMENTATIONS = YES;
				CLANG_WARN_DIRECT_OBJC_ISA_USAGE = YES_ERROR;
				CLANG_WARN_DOCUMENTATION_COMMENTS = YES;
				CLANG_WARN_EMPTY_BODY = YES;
				CLANG_WARN_ENUM_CONVERSION = YES;
				CLANG_WARN_INFINITE_RECURSION = YES;
				CLANG_WARN_INT_CONVERSION = YES;
				CLANG_WARN_NON_LITERAL_NULL_CONVERSION = YES;
				CLANG_WARN_OBJC_IMPLICIT_RETAIN_SELF = YES;
				CLANG_WARN_OBJC_LITERAL_CONVERSION = YES;
				CLANG_WARN_OBJC_ROOT_CLASS = YES_ERROR;
				CLANG_WARN_RANGE_LOOP_ANALYSIS = YES;
				CLANG_WARN_STRICT_PROTOTYPES = YES;
				CLANG_WARN_SUSPICIOUS_MOVE = YES;
				CLANG_WARN_UNGUARDED_AVAILABILITY = YES_AGGRESSIVE;
				CLANG_WARN_UNREACHABLE_CODE = YES;
				CLANG_WARN__DUPLICATE_METHOD_MATCH = YES;
				COPY_PHASE_STRIP = NO;
				DEBUG_INFORMATION_FORMAT = "dwarf-with-dsym";
				ENABLE_NS_ASSERTIONS = NO;
				ENABLE_STRICT_OBJC_MSGSEND = YES;
				GCC_C_LANGUAGE_STANDARD = gnu11;
				GCC_NO_COMMON_BLOCKS = YES;
				GCC_WARN_64_TO_32_BIT_CONVERSION = YES;
				GCC_WARN_ABOUT_RETURN_TYPE = YES_ERROR;
				GCC_WARN_UNDECLARED_SELECTOR = YES;
				GCC_WARN_UNINITIALIZED_AUTOS = YES_AGGRESSIVE;
				GCC_WARN_UNUSED_FUNCTION = YES;
				GCC_WARN_UNUSED_VARIABLE = YES;
				IPHONEOS_DEPLOYMENT_TARGET = 13.1;
				MTL_ENABLE_DEBUG_INFO = NO;
				MTL_FAST_MATH = YES;
				SDKROOT = iphoneos;
				SWIFT_COMPILATION_MODE = wholemodule;
				SWIFT_OPTIMIZATION_LEVEL = "-O";
				VALIDATE_PRODUCT = YES;
			};
			name = Release;
		};
		F758B721235E03B200F16184 /* Debug */ = {
			isa = XCBuildConfiguration;
			baseConfigurationReference = 4353FD42FB343196A32B868A /* Pods-PokeDex.debug.xcconfig */;
			buildSettings = {
				ASSETCATALOG_COMPILER_APPICON_NAME = AppIcon;
				CODE_SIGN_STYLE = Automatic;
				DEVELOPMENT_TEAM = 989RW99APU;
				INFOPLIST_FILE = PokeDex/Info.plist;
				LD_RUNPATH_SEARCH_PATHS = (
					"$(inherited)",
					"@executable_path/Frameworks",
				);
				PRODUCT_BUNDLE_IDENTIFIER = JainNjhawan.PokeDex;
				PRODUCT_NAME = "$(TARGET_NAME)";
				SWIFT_VERSION = 5.0;
				TARGETED_DEVICE_FAMILY = "1,2";
			};
			name = Debug;
		};
		F758B722235E03B200F16184 /* Release */ = {
			isa = XCBuildConfiguration;
			baseConfigurationReference = D1B1C9677F08C75E9EABB37E /* Pods-PokeDex.release.xcconfig */;
			buildSettings = {
				ASSETCATALOG_COMPILER_APPICON_NAME = AppIcon;
				CODE_SIGN_STYLE = Automatic;
				DEVELOPMENT_TEAM = 989RW99APU;
				INFOPLIST_FILE = PokeDex/Info.plist;
				LD_RUNPATH_SEARCH_PATHS = (
					"$(inherited)",
					"@executable_path/Frameworks",
				);
				PRODUCT_BUNDLE_IDENTIFIER = JainNjhawan.PokeDex;
				PRODUCT_NAME = "$(TARGET_NAME)";
				SWIFT_VERSION = 5.0;
				TARGETED_DEVICE_FAMILY = "1,2";
			};
			name = Release;
		};
/* End XCBuildConfiguration section */

/* Begin XCConfigurationList section */
		F758B707235E03B100F16184 /* Build configuration list for PBXProject "PokeDex" */ = {
			isa = XCConfigurationList;
			buildConfigurations = (
				F758B71E235E03B200F16184 /* Debug */,
				F758B71F235E03B200F16184 /* Release */,
			);
			defaultConfigurationIsVisible = 0;
			defaultConfigurationName = Release;
		};
		F758B720235E03B200F16184 /* Build configuration list for PBXNativeTarget "PokeDex" */ = {
			isa = XCConfigurationList;
			buildConfigurations = (
				F758B721235E03B200F16184 /* Debug */,
				F758B722235E03B200F16184 /* Release */,
			);
			defaultConfigurationIsVisible = 0;
			defaultConfigurationName = Release;
		};
/* End XCConfigurationList section */
	};
	rootObject = F758B704235E03B100F16184 /* Project object */;
}
